
Microsoft Visual Studio Solution File, Format Version 12.00
# Visual Studio 15
VisualStudioVersion = 15.0.28307.1684
MinimumVisualStudioVersion = 10.0.40219.1
Project("{9A19103F-16F7-4668-BE54-9A1E7A4F7556}") = "CurrencyConverterAPI", "CurrencyConverterAPI\CurrencyConverterAPI.csproj", "{8C22C86E-48E3-41B8-9767-62D9997C1742}"
EndProject
Project("{FAE04EC0-301F-11D3-BF4B-00C04F79EFBC}") = "ConverterApp", "ConverterApp\ConverterApp.csproj", "{4BE2E450-46A9-4AE5-8340-9F611F22EBD5}"
EndProject
Global
	GlobalSection(SolutionConfigurationPlatforms) = preSolution
		Debug|Any CPU = Debug|Any CPU
		Release|Any CPU = Release|Any CPU
	EndGlobalSection
	GlobalSection(ProjectConfigurationPlatforms) = postSolution
		{8C22C86E-48E3-41B8-9767-62D9997C1742}.Debug|Any CPU.ActiveCfg = Debug|Any CPU
		{8C22C86E-48E3-41B8-9767-62D9997C1742}.Debug|Any CPU.Build.0 = Debug|Any CPU
		{8C22C86E-48E3-41B8-9767-62D9997C1742}.Release|Any CPU.ActiveCfg = Release|Any CPU
		{8C22C86E-48E3-41B8-9767-62D9997C1742}.Release|Any CPU.Build.0 = Release|Any CPU
		{4BE2E450-46A9-4AE5-8340-9F611F22EBD5}.Debug|Any CPU.ActiveCfg = Debug|Any CPU
		{4BE2E450-46A9-4AE5-8340-9F611F22EBD5}.Debug|Any CPU.Build.0 = Debug|Any CPU
		{4BE2E450-46A9-4AE5-8340-9F611F22EBD5}.Release|Any CPU.ActiveCfg = Release|Any CPU
		{4BE2E450-46A9-4AE5-8340-9F611F22EBD5}.Release|Any CPU.Build.0 = Release|Any CPU
	EndGlobalSection
	GlobalSection(SolutionProperties) = preSolution
		HideSolutionNode = FALSE
	EndGlobalSection
	GlobalSection(ExtensibilityGlobals) = postSolution
		SolutionGuid = {03D45030-5DF4-4FC1-946E-E7C6FE7C43E2}
	EndGlobalSection
EndGlobal
